
Microsoft Visual Studio Solution File, Format Version 12.00
# Visual Studio Version 16
VisualStudioVersion = 16.0.31702.278
MinimumVisualStudioVersion = 10.0.40219.1
Project("{9A19103F-16F7-4668-BE54-9A1E7A4F7556}") = "MovieWebsite", "MovieWebsite\MovieWebsite.csproj", "{F10FD2B2-B8FC-4BFF-8E92-108B0EFBC248}"
EndProject
Project("{9A19103F-16F7-4668-BE54-9A1E7A4F7556}") = "MovieClassLibrary", "MovieClassLibrary\MovieClassLibrary.csproj", "{12F81178-13A6-42DE-BCC5-9916E32C6F16}"
EndProject
Project("{9A19103F-16F7-4668-BE54-9A1E7A4F7556}") = "MovieDataAccessLayer", "MovieDataAccessLayer\MovieDataAccessLayer.csproj", "{EF4446D4-8F6A-4C15-A5AA-95B2A8FDB6F5}"
EndProject
Global
	GlobalSection(SolutionConfigurationPlatforms) = preSolution
		Debug|Any CPU = Debug|Any CPU
		Release|Any CPU = Release|Any CPU
	EndGlobalSection
	GlobalSection(ProjectConfigurationPlatforms) = postSolution
		{F10FD2B2-B8FC-4BFF-8E92-108B0EFBC248}.Debug|Any CPU.ActiveCfg = Debug|Any CPU
		{F10FD2B2-B8FC-4BFF-8E92-108B0EFBC248}.Debug|Any CPU.Build.0 = Debug|Any CPU
		{F10FD2B2-B8FC-4BFF-8E92-108B0EFBC248}.Release|Any CPU.ActiveCfg = Release|Any CPU
		{F10FD2B2-B8FC-4BFF-8E92-108B0EFBC248}.Release|Any CPU.Build.0 = Release|Any CPU
		{12F81178-13A6-42DE-BCC5-9916E32C6F16}.Debug|Any CPU.ActiveCfg = Debug|Any CPU
		{12F81178-13A6-42DE-BCC5-9916E32C6F16}.Debug|Any CPU.Build.0 = Debug|Any CPU
		{12F81178-13A6-42DE-BCC5-9916E32C6F16}.Release|Any CPU.ActiveCfg = Release|Any CPU
		{12F81178-13A6-42DE-BCC5-9916E32C6F16}.Release|Any CPU.Build.0 = Release|Any CPU
		{EF4446D4-8F6A-4C15-A5AA-95B2A8FDB6F5}.Debug|Any CPU.ActiveCfg = Debug|Any CPU
		{EF4446D4-8F6A-4C15-A5AA-95B2A8FDB6F5}.Debug|Any CPU.Build.0 = Debug|Any CPU
		{EF4446D4-8F6A-4C15-A5AA-95B2A8FDB6F5}.Release|Any CPU.ActiveCfg = Release|Any CPU
		{EF4446D4-8F6A-4C15-A5AA-95B2A8FDB6F5}.Release|Any CPU.Build.0 = Release|Any CPU
	EndGlobalSection
	GlobalSection(SolutionProperties) = preSolution
		HideSolutionNode = FALSE
	EndGlobalSection
	GlobalSection(ExtensibilityGlobals) = postSolution
		SolutionGuid = {32D33590-6786-4425-B604-8207A329A5F1}
	EndGlobalSection
EndGlobal
